version = 1
revision = 3
requires-python = ">=3.13"

[[package]]
name = "cogist"
version = "0.4.4"
source = { editable = "." }
dependencies = [
    { name = "pyobjc-framework-coretext", marker = "sys_platform == 'darwin'" },
    { name = "pyside6" },
    { name = "qdarkstyle" },
    { name = "qt-material" },
]

[package.dev-dependencies]
dev = [
    { name = "pyright" },
    { name = "pytest" },
]

[package.metadata]
requires-dist = [
    { name = "pyobjc-framework-coretext", marker = "sys_platform == 'darwin'" },
    { name = "pyside6", specifier = ">=6.8.0" },
    { name = "qdarkstyle", specifier = ">=3.2" },
    { name = "qt-material", specifier = ">=2.14" },
]

[package.metadata.requires-dev]
dev = [
    { name = "pyright", specifier = ">=1.1.408" },
    { name = "pytest", specifier = ">=9.0.3" },
]

[[package]]
name = "colorama"
version = "0.4.6"
source = { registry = "https://mirrors.aliyun.com/pypi/simple/" }
sdist = { url = "https://mirrors.aliyun.com/pypi/packages/d8/53/6f443c9a4a8358a93a6792e2acffb9d9d5cb0a5cfd8802644b7b1c9a02e4/colorama-0.4.6.tar.gz", hash = "sha256:08695f5cb7ed6e0531a20572697297273c47b8cae5a63ffc6d6ed5c201be6e44" }
wheels = [
    { url = "https://mirrors.aliyun.com/pypi/packages/d1/d6/3965ed04c63042e047cb6a3e6ed1a63a35087b6a609aa3a15ed8ac56c221/colorama-0.4.6-py2.py3-none-any.whl", hash = "sha256:4f1d9991f5acc0ca119f9d443620b77f9d6b33703e51011c16baf57afb285fc6" },
]

[[package]]
name = "iniconfig"
version = "2.3.0"
source = { registry = "https://mirrors.aliyun.com/pypi/simple/" }
sdist = { url = "https://mirrors.aliyun.com/pypi/packages/72/34/14ca021ce8e5dfedc35312d08ba8bf51fdd999c576889fc2c24cb97f4f10/iniconfig-2.3.0.tar.gz", hash = "sha256:c76315c77db068650d49c5b56314774a7804df16fee4402c1f19d6d15d8c4730" }
wheels = [
    { url = "https://mirrors.aliyun.com/pypi/packages/cb/b1/3846dd7f199d53cb17f49cba7e651e9ce294d8497c8c150530ed11865bb8/iniconfig-2.3.0-py3-none-any.whl", hash = "sha256:f631c04d2c48c52b84d0d0549c99ff3859c98df65b3101406327ecc7d53fbf12" },
]

[[package]]
name = "jinja2"
version = "3.1.6"
source = { registry = "https://mirrors.aliyun.com/pypi/simple/" }
dependencies = [
    { name = "markupsafe" },
]
sdist = { url = "https://mirrors.aliyun.com/pypi/packages/df/bf/f7da0350254c0ed7c72f3e33cef02e048281fec7ecec5f032d4aac52226b/jinja2-3.1.6.tar.gz", hash = "sha256:0137fb05990d35f1275a587e9aee6d56da821fc83491a0fb838183be43f66d6d" }
wheels = [
    { url = "https://mirrors.aliyun.com/pypi/packages/62/a1/3d680cbfd5f4b8f15abc1d571870c5fc3e594bb582bc3b64ea099db13e56/jinja2-3.1.6-py3-none-any.whl", hash = "sha256:85ece4451f492d0c13c5dd7c13a64681a86afae63a5f347908daf103ce6d2f67" },
]

[[package]]
name = "markupsafe"
version = "3.0.3"
source = { registry = "https://mirrors.aliyun.com/pypi/simple/" }
sdist = { url = "https://mirrors.aliyun.com/pypi/packages/7e/99/7690b6d4034fffd95959cbe0c02de8deb3098cc577c67bb6a24fe5d7caa7/markupsafe-3.0.3.tar.gz", hash = "sha256:722695808f4b6457b320fdc131280796bdceb04ab50fe1795cd540799ebe1698" }
wheels = [
    { url = "https://mirrors.aliyun.com/pypi/packages/38/2f/907b9c7bbba283e68f20259574b13d005c121a0fa4c175f9bed27c4597ff/markupsafe-3.0.3-cp313-cp313-macosx_10_13_x86_64.whl", hash = "sha256:e1cf1972137e83c5d4c136c43ced9ac51d0e124706ee1c8aa8532c1287fa8795" },
    { url = "https://mirrors.aliyun.com/pypi/packages/9c/d9/5f7756922cdd676869eca1c4e3c0cd0df60ed30199ffd775e319089cb3ed/markupsafe-3.0.3-cp313-cp313-macosx_11_0_arm64.whl", hash = "sha256:116bb52f642a37c115f517494ea5feb03889e04df47eeff5b130b1808ce7c219" },
    { url = "https://mirrors.aliyun.com/pypi/packages/00/07/575a68c754943058c78f30db02ee03a64b3c638586fba6a6dd56830b30a3/markupsafe-3.0.3-cp313-cp313-manylinux2014_aarch64.manylinux_2_17_aarch64.manylinux_2_28_aarch64.whl", hash = "sha256:133a43e73a802c5562be9bbcd03d090aa5a1fe899db609c29e8c8d815c5f6de6" },
    { url = "https://mirrors.aliyun.com/pypi/packages/a9/21/9b05698b46f218fc0e118e1f8168395c65c8a2c750ae2bab54fc4bd4e0e8/markupsafe-3.0.3-cp313-cp313-manylinux2014_x86_64.manylinux_2_17_x86_64.manylinux_2_28_x86_64.whl", hash = "sha256:ccfcd093f13f0f0b7fdd0f198b90053bf7b2f02a3927a30e63f3ccc9df56b676" },
    { url = "https://mirrors.aliyun.com/pypi/packages/7f/71/544260864f893f18b6827315b988c146b559391e6e7e8f7252839b1b846a/markupsafe-3.0.3-cp313-cp313-manylinux_2_31_riscv64.manylinux_2_39_riscv64.whl", hash = "sha256:509fa21c6deb7a7a273d629cf5ec029bc209d1a51178615ddf718f5918992ab9" },
    { url = "https://mirrors.aliyun.com/pypi/packages/c2/28/b50fc2f74d1ad761af2f5dcce7492648b983d00a65b8c0e0cb457c82ebbe/markupsafe-3.0.3-cp313-cp313-musllinux_1_2_aarch64.whl", hash = "sha256:a4afe79fb3de0b7097d81da19090f4df4f8d3a2b3adaa8764138aac2e44f3af1" },
    { url = "https://mirrors.aliyun.com/pypi/packages/ed/76/104b2aa106a208da8b17a2fb72e033a5a9d7073c68f7e508b94916ed47a9/markupsafe-3.0.3-cp313-cp313-musllinux_1_2_riscv64.whl", hash = "sha256:795e7751525cae078558e679d646ae45574b47ed6e7771863fcc079a6171a0fc" },
    { url = "https://mirrors.aliyun.com/pypi/packages/b5/99/16a5eb2d140087ebd97180d95249b00a03aa87e29cc224056274f2e45fd6/markupsafe-3.0.3-cp313-cp313-musllinux_1_2_x86_64.whl", hash = "sha256:8485f406a96febb5140bfeca44a73e3ce5116b2501ac54fe953e488fb1d03b12" },
    { url = "https://mirrors.aliyun.com/pypi/packages/19/bc/e7140ed90c5d61d77cea142eed9f9c303f4c4806f60a1044c13e3f1471d0/markupsafe-3.0.3-cp313-cp313-win32.whl", hash = "sha256:bdd37121970bfd8be76c5fb069c7751683bdf373db1ed6c010162b2a130248ed" },
    { url = "https://mirrors.aliyun.com/pypi/packages/05/73/c4abe620b841b6b791f2edc248f556900667a5a1cf023a6646967ae98335/markupsafe-3.0.3-cp313-cp313-win_amd64.whl", hash = "sha256:9a1abfdc021a164803f4d485104931fb8f8c1efd55bc6b748d2f5774e78b62c5" },
    { url = "https://mirrors.aliyun.com/pypi/packages/f0/3a/fa34a0f7cfef23cf9500d68cb7c32dd64ffd58a12b09225fb03dd37d5b80/markupsafe-3.0.3-cp313-cp313-win_arm64.whl", hash = "sha256:7e68f88e5b8799aa49c85cd116c932a1ac15caaa3f5db09087854d218359e485" },
    { url = "https://mirrors.aliyun.com/pypi/packages/e4/d7/e05cd7efe43a88a17a37b3ae96e79a19e846f3f456fe79c57ca61356ef01/markupsafe-3.0.3-cp313-cp313t-macosx_10_13_x86_64.whl", hash = "sha256:218551f6df4868a8d527e3062d0fb968682fe92054e89978594c28e642c43a73" },
    { url = "https://mirrors.aliyun.com/pypi/packages/99/9e/e412117548182ce2148bdeacdda3bb494260c0b0184360fe0d56389b523b/markupsafe-3.0.3-cp313-cp313t-macosx_11_0_arm64.whl", hash = "sha256:3524b778fe5cfb3452a09d31e7b5adefeea8c5be1d43c4f810ba09f2ceb29d37" },
    { url = "https://mirrors.aliyun.com/pypi/packages/bc/e6/fa0ffcda717ef64a5108eaa7b4f5ed28d56122c9a6d70ab8b72f9f715c80/markupsafe-3.0.3-cp313-cp313t-manylinux2014_aarch64.manylinux_2_17_aarch64.manylinux_2_28_aarch64.whl", hash = "sha256:4e885a3d1efa2eadc93c894a21770e4bc67899e3543680313b09f139e149ab19" },
    { url = "https://mirrors.aliyun.com/pypi/packages/96/ec/2102e881fe9d25fc16cb4b25d5f5cde50970967ffa5dddafdb771237062d/markupsafe-3.0.3-cp313-cp313t-manylinux2014_x86_64.manylinux_2_17_x86_64.manylinux_2_28_x86_64.whl", hash = "sha256:8709b08f4a89aa7586de0aadc8da56180242ee0ada3999749b183aa23df95025" },
    { url = "https://mirrors.aliyun.com/pypi/packages/4b/30/6f2fce1f1f205fc9323255b216ca8a235b15860c34b6798f810f05828e32/markupsafe-3.0.3-cp313-cp313t-manylinux_2_31_riscv64.manylinux_2_39_riscv64.whl", hash = "sha256:b8512a91625c9b3da6f127803b166b629725e68af71f8184ae7e7d54686a56d6" },
    { url = "https://mirrors.aliyun.com/pypi/packages/58/47/4a0ccea4ab9f5dcb6f79c0236d954acb382202721e704223a8aafa38b5c8/markupsafe-3.0.3-cp313-cp313t-musllinux_1_2_aarch64.whl", hash = "sha256:9b79b7a16f7fedff2495d684f2b59b0457c3b493778c9eed31111be64d58279f" },
    { url = "https://mirrors.aliyun.com/pypi/packages/6a/70/3780e9b72180b6fecb83a4814d84c3bf4b4ae4bf0b19c27196104149734c/markupsafe-3.0.3-cp313-cp313t-musllinux_1_2_riscv64.whl", hash = "sha256:12c63dfb4a98206f045aa9563db46507995f7ef6d83b2f68eda65c307c6829eb" },
    { url = "https://mirrors.aliyun.com/pypi/packages/98/c5/c03c7f4125180fc215220c035beac6b9cb684bc7a067c84fc69414d315f5/markupsafe-3.0.3-cp313-cp313t-musllinux_1_2_x86_64.whl", hash = "sha256:8f71bc33915be5186016f675cd83a1e08523649b0e33efdb898db577ef5bb009" },
    { url = "https://mirrors.aliyun.com/pypi/packages/80/d6/2d1b89f6ca4bff1036499b1e29a1d02d282259f3681540e16563f27ebc23/markupsafe-3.0.3-cp313-cp313t-win32.whl", hash = "sha256:69c0b73548bc525c8cb9a251cddf1931d1db4d2258e9599c28c07ef3580ef354" },
    { url = "https://mirrors.aliyun.com/pypi/packages/2b/98/e48a4bfba0a0ffcf9925fe2d69240bfaa19c6f7507b8cd09c70684a53c1e/markupsafe-3.0.3-cp313-cp313t-win_amd64.whl", hash = "sha256:1b4b79e8ebf6b55351f0d91fe80f893b4743f104bff22e90697db1590e47a218" },
    { url = "https://mirrors.aliyun.com/pypi/packages/0e/72/e3cc540f351f316e9ed0f092757459afbc595824ca724cbc5a5d4263713f/markupsafe-3.0.3-cp313-cp313t-win_arm64.whl", hash = "sha256:ad2cf8aa28b8c020ab2fc8287b0f823d0a7d8630784c31e9ee5edea20f406287" },
    { url = "https://mirrors.aliyun.com/pypi/packages/33/8a/8e42d4838cd89b7dde187011e97fe6c3af66d8c044997d2183fbd6d31352/markupsafe-3.0.3-cp314-cp314-macosx_10_13_x86_64.whl", hash = "sha256:eaa9599de571d72e2daf60164784109f19978b327a3910d3e9de8c97b5b70cfe" },
    { url = "https://mirrors.aliyun.com/pypi/packages/b5/64/7660f8a4a8e53c924d0fa05dc3a55c9cee10bbd82b11c5afb27d44b096ce/markupsafe-3.0.3-cp314-cp314-macosx_11_0_arm64.whl", hash = "sha256:c47a551199eb8eb2121d4f0f15ae0f923d31350ab9280078d1e5f12b249e0026" },
    { url = "https://mirrors.aliyun.com/pypi/packages/da/ef/e648bfd021127bef5fa12e1720ffed0c6cbb8310c8d9bea7266337ff06de/markupsafe-3.0.3-cp314-cp314-manylinux2014_aarch64.manylinux_2_17_aarch64.manylinux_2_28_aarch64.whl", hash = "sha256:f34c41761022dd093b4b6896d4810782ffbabe30f2d443ff5f083e0cbbb8c737" },
    { url = "https://mirrors.aliyun.com/pypi/packages/41/3c/a36c2450754618e62008bf7435ccb0f88053e07592e6028a34776213d877/markupsafe-3.0.3-cp314-cp314-manylinux2014_x86_64.manylinux_2_17_x86_64.manylinux_2_28_x86_64.whl", hash = "sha256:457a69a9577064c05a97c41f4e65148652db078a3a509039e64d3467b9e7ef97" },
    { url = "https://mirrors.aliyun.com/pypi/packages/bc/20/b7fdf89a8456b099837cd1dc21974632a02a999ec9bf7ca3e490aacd98e7/markupsafe-3.0.3-cp314-cp314-manylinux_2_31_riscv64.manylinux_2_39_riscv64.whl", hash = "sha256:e8afc3f2ccfa24215f8cb28dcf43f0113ac3c37c2f0f0806d8c70e4228c5cf4d" },
    { url = "https://mirrors.aliyun.com/pypi/packages/9a/a7/591f592afdc734f47db08a75793a55d7fbcc6902a723ae4cfbab61010cc5/markupsafe-3.0.3-cp314-cp314-musllinux_1_2_aarch64.whl", hash = "sha256:ec15a59cf5af7be74194f7ab02d0f59a62bdcf1a537677ce67a2537c9b87fcda" },
    { url = "https://mirrors.aliyun.com/pypi/packages/7d/33/45b24e4f44195b26521bc6f1a82197118f74df348556594bd2262bda1038/markupsafe-3.0.3-cp314-cp314-musllinux_1_2_riscv64.whl", hash = "sha256:0eb9ff8191e8498cca014656ae6b8d61f39da5f95b488805da4bb029cccbfbaf" },
    { url = "https://mirrors.aliyun.com/pypi/packages/ff/0e/53dfaca23a69fbfbbf17a4b64072090e70717344c52eaaaa9c5ddff1e5f0/markupsafe-3.0.3-cp314-cp314-musllinux_1_2_x86_64.whl", hash = "sha256:2713baf880df847f2bece4230d4d094280f4e67b1e813eec43b4c0e144a34ffe" },
    { url = "https://mirrors.aliyun.com/pypi/packages/46/11/f333a06fc16236d5238bfe74daccbca41459dcd8d1fa952e8fbd5dccfb70/markupsafe-3.0.3-cp314-cp314-win32.whl", hash = "sha256:729586769a26dbceff69f7a7dbbf59ab6572b99d94576a5592625d5b411576b9" },
    { url = "https://mirrors.aliyun.com/pypi/packages/28/52/182836104b33b444e400b14f797212f720cbc9ed6ba34c800639d154e821/markupsafe-3.0.3-cp314-cp314-win_amd64.whl", hash = "sha256:bdc919ead48f234740ad807933cdf545180bfbe9342c2bb451556db2ed958581" },
    { url = "https://mirrors.aliyun.com/pypi/packages/6f/18/acf23e91bd94fd7b3031558b1f013adfa21a8e407a3fdb32745538730382/markupsafe-3.0.3-cp314-cp314-win_arm64.whl", hash = "sha256:5a7d5dc5140555cf21a6fefbdbf8723f06fcd2f63ef108f2854de715e4422cb4" },
    { url = "https://mirrors.aliyun.com/pypi/packages/3c/f0/57689aa4076e1b43b15fdfa646b04653969d50cf30c32a102762be2485da/markupsafe-3.0.3-cp314-cp314t-macosx_10_13_x86_64.whl", hash = "sha256:1353ef0c1b138e1907ae78e2f6c63ff67501122006b0f9abad68fda5f4ffc6ab" },
    { url = "https://mirrors.aliyun.com/pypi/packages/89/c3/2e67a7ca217c6912985ec766c6393b636fb0c2344443ff9d91404dc4c79f/markupsafe-3.0.3-cp314-cp314t-macosx_11_0_arm64.whl", hash = "sha256:1085e7fbddd3be5f89cc898938f42c0b3c711fdcb37d75221de2666af647c175" },
    { url = "https://mirrors.aliyun.com/pypi/packages/f0/00/be561dce4e6ca66b15276e184ce4b8aec61fe83662cce2f7d72bd3249d28/markupsafe-3.0.3-cp314-cp314t-manylinux2014_aarch64.manylinux_2_17_aarch64.manylinux_2_28_aarch64.whl", hash = "sha256:1b52b4fb9df4eb9ae465f8d0c228a00624de2334f216f178a995ccdcf82c4634" },
    { url = "https://mirrors.aliyun.com/pypi/packages/50/09/c419f6f5a92e5fadde27efd190eca90f05e1261b10dbd8cbcb39cd8ea1dc/markupsafe-3.0.3-cp314-cp314t-manylinux2014_x86_64.manylinux_2_17_x86_64.manylinux_2_28_x86_64.whl", hash = "sha256:fed51ac40f757d41b7c48425901843666a6677e3e8eb0abcff09e4ba6e664f50" },
    { url = "https://mirrors.aliyun.com/pypi/packages/22/44/a0681611106e0b2921b3033fc19bc53323e0b50bc70cffdd19f7d679bb66/markupsafe-3.0.3-cp314-cp314t-manylinux_2_31_riscv64.manylinux_2_39_riscv64.whl", hash = "sha256:f190daf01f13c72eac4efd5c430a8de82489d9cff23c364c3ea822545032993e" },
    { url = "https://mirrors.aliyun.com/pypi/packages/5f/57/1b0b3f100259dc9fffe780cfb60d4be71375510e435efec3d116b6436d43/markupsafe-3.0.3-cp314-cp314t-musllinux_1_2_aarch64.whl", hash = "sha256:e56b7d45a839a697b5eb268c82a71bd8c7f6c94d6fd50c3d577fa39a9f1409f5" },
    { url = "https://mirrors.aliyun.com/pypi/packages/26/6a/4bf6d0c97c4920f1597cc14dd720705eca0bf7c787aebc6bb4d1bead5388/markupsafe-3.0.3-cp314-cp314t-musllinux_1_2_riscv64.whl", hash = "sha256:f3e98bb3798ead92273dc0e5fd0f31ade220f59a266ffd8a4f6065e0a3ce0523" },
    { url = "https://mirrors.aliyun.com/pypi/packages/14/c7/ca723101509b518797fedc2fdf79ba57f886b4aca8a7d31857ba3ee8281f/markupsafe-3.0.3-cp314-cp314t-musllinux_1_2_x86_64.whl", hash = "sha256:5678211cb9333a6468fb8d8be0305520aa073f50d17f089b5b4b477ea6e67fdc" },
    { url = "https://mirrors.aliyun.com/pypi/packages/fb/df/5bd7a48c256faecd1d36edc13133e51397e41b73bb77e1a69deab746ebac/markupsafe-3.0.3-cp314-cp314t-win32.whl", hash = "sha256:915c04ba3851909ce68ccc2b8e2cd691618c4dc4c4232fb7982bca3f41fd8c3d" },
    { url = "https://mirrors.aliyun.com/pypi/packages/1a/8a/0402ba61a2f16038b48b39bccca271134be00c5c9f0f623208399333c448/markupsafe-3.0.3-cp314-cp314t-win_amd64.whl", hash = "sha256:4faffd047e07c38848ce017e8725090413cd80cbc23d86e55c587bf979e579c9" },
    { url = "https://mirrors.aliyun.com/pypi/packages/70/bc/6f1c2f612465f5fa89b95bead1f44dcb607670fd42891d8fdcd5d039f4f4/markupsafe-3.0.3-cp314-cp314t-win_arm64.whl", hash = "sha256:32001d6a8fc98c8cb5c947787c5d08b0a50663d139f1305bac5885d98d9b40fa" },
]

[[package]]
name = "nodeenv"
version = "1.10.0"
source = { registry = "https://mirrors.aliyun.com/pypi/simple/" }
sdist = { url = "https://mirrors.aliyun.com/pypi/packages/24/bf/d1bda4f6168e0b2e9e5958945e01910052158313224ada5ce1fb2e1113b8/nodeenv-1.10.0.tar.gz", hash = "sha256:996c191ad80897d076bdfba80a41994c2b47c68e224c542b48feba42ba00f8bb" }
wheels = [
    { url = "https://mirrors.aliyun.com/pypi/packages/88/b2/d0896bdcdc8d28a7fc5717c305f1a861c26e18c05047949fb371034d98bd/nodeenv-1.10.0-py2.py3-none-any.whl", hash = "sha256:5bb13e3eed2923615535339b3c620e76779af4cb4c6a90deccc9e36b274d3827" },
]

[[package]]
name = "packaging"
version = "26.0"
source = { registry = "https://mirrors.aliyun.com/pypi/simple/" }
sdist = { url = "https://mirrors.aliyun.com/pypi/packages/65/ee/299d360cdc32edc7d2cf530f3accf79c4fca01e96ffc950d8a52213bd8e4/packaging-26.0.tar.gz", hash = "sha256:00243ae351a257117b6a241061796684b084ed1c516a08c48a3f7e147a9d80b4" }
wheels = [
    { url = "https://mirrors.aliyun.com/pypi/packages/b7/b9/c538f279a4e237a006a2c98387d081e9eb060d203d8ed34467cc0f0b9b53/packaging-26.0-py3-none-any.whl", hash = "sha256:b36f1fef9334a5588b4166f8bcd26a14e521f2b55e6b9de3aaa80d3ff7a37529" },
]

[[package]]
name = "pluggy"
version = "1.6.0"
source = { registry = "https://mirrors.aliyun.com/pypi/simple/" }
sdist = { url = "https://mirrors.aliyun.com/pypi/packages/f9/e2/3e91f31a7d2b083fe6ef3fa267035b518369d9511ffab804f839851d2779/pluggy-1.6.0.tar.gz", hash = "sha256:7dcc130b76258d33b90f61b658791dede3486c3e6bfb003ee5c9bfb396dd22f3" }
wheels = [
    { url = "https://mirrors.aliyun.com/pypi/packages/54/20/4d324d65cc6d9205fabedc306948156824eb9f0ee1633355a8f7ec5c66bf/pluggy-1.6.0-py3-none-any.whl", hash = "sha256:e920276dd6813095e9377c0bc5566d94c932c33b27a3e3945d8389c374dd4746" },
]

[[package]]
name = "pygments"
version = "2.20.0"
source = { registry = "https://mirrors.aliyun.com/pypi/simple/" }
sdist = { url = "https://mirrors.aliyun.com/pypi/packages/c3/b2/bc9c9196916376152d655522fdcebac55e66de6603a76a02bca1b6414f6c/pygments-2.20.0.tar.gz", hash = "sha256:6757cd03768053ff99f3039c1a36d6c0aa0b263438fcab17520b30a303a82b5f" }
wheels = [
    { url = "https://mirrors.aliyun.com/pypi/packages/f4/7e/a72dd26f3b0f4f2bf1dd8923c85f7ceb43172af56d63c7383eb62b332364/pygments-2.20.0-py3-none-any.whl", hash = "sha256:81a9e26dd42fd28a23a2d169d86d7ac03b46e2f8b59ed4698fb4785f946d0176" },
]

[[package]]
name = "pyobjc-core"
version = "12.1"
source = { registry = "https://mirrors.aliyun.com/pypi/simple/" }
sdist = { url = "https://mirrors.aliyun.com/pypi/packages/b8/b6/d5612eb40be4fd5ef88c259339e6313f46ba67577a95d86c3470b951fce0/pyobjc_core-12.1.tar.gz", hash = "sha256:2bb3903f5387f72422145e1466b3ac3f7f0ef2e9960afa9bcd8961c5cbf8bd21" }
wheels = [
    { url = "https://mirrors.aliyun.com/pypi/packages/f4/d2/29e5e536adc07bc3d33dd09f3f7cf844bf7b4981820dc2a91dd810f3c782/pyobjc_core-12.1-cp313-cp313-macosx_10_13_universal2.whl", hash = "sha256:01c0cf500596f03e21c23aef9b5f326b9fb1f8f118cf0d8b66749b6cf4cbb37a" },
    { url = "https://mirrors.aliyun.com/pypi/packages/1b/f0/4b4ed8924cd04e425f2a07269943018d43949afad1c348c3ed4d9d032787/pyobjc_core-12.1-cp313-cp313t-macosx_10_13_universal2.whl", hash = "sha256:177aaca84bb369a483e4961186704f64b2697708046745f8167e818d968c88fc" },
    { url = "https://mirrors.aliyun.com/pypi/packages/25/98/9f4ed07162de69603144ff480be35cd021808faa7f730d082b92f7ebf2b5/pyobjc_core-12.1-cp314-cp314-macosx_10_15_universal2.whl", hash = "sha256:844515f5d86395b979d02152576e7dee9cc679acc0b32dc626ef5bda315eaa43" },
    { url = "https://mirrors.aliyun.com/pypi/packages/62/50/dc076965c96c7f0de25c0a32b7f8aa98133ed244deaeeacfc758783f1f30/pyobjc_core-12.1-cp314-cp314t-macosx_10_15_universal2.whl", hash = "sha256:453b191df1a4b80e756445b935491b974714456ae2cbae816840bd96f86db882" },
]

[[package]]
name = "pyobjc-framework-cocoa"
version = "12.1"
source = { registry = "https://mirrors.aliyun.com/pypi/simple/" }
dependencies = [
    { name = "pyobjc-core" },
]
sdist = { url = "https://mirrors.aliyun.com/pypi/packages/02/a3/16ca9a15e77c061a9250afbae2eae26f2e1579eb8ca9462ae2d2c71e1169/pyobjc_framework_cocoa-12.1.tar.gz", hash = "sha256:5556c87db95711b985d5efdaaf01c917ddd41d148b1e52a0c66b1a2e2c5c1640" }
wheels = [
    { url = "https://mirrors.aliyun.com/pypi/packages/ad/31/0c2e734165abb46215797bd830c4bdcb780b699854b15f2b6240515edcc6/pyobjc_framework_cocoa-12.1-cp313-cp313-macosx_10_13_universal2.whl", hash = "sha256:5a3dcd491cacc2f5a197142b3c556d8aafa3963011110102a093349017705118" },
    { url = "https://mirrors.aliyun.com/pypi/packages/23/3b/b9f61be7b9f9b4e0a6db18b3c35c4c4d589f2d04e963e2174d38c6555a92/pyobjc_framework_cocoa-12.1-cp313-cp313t-macosx_10_13_universal2.whl", hash = "sha256:914b74328c22d8ca261d78c23ef2befc29776e0b85555973927b338c5734ca44" },
    { url = "https://mirrors.aliyun.com/pypi/packages/59/bb/f777cc9e775fc7dae77b569254570fe46eb842516b3e4fe383ab49eab598/pyobjc_framework_cocoa-12.1-cp314-cp314-macosx_10_15_universal2.whl", hash = "sha256:03342a60fc0015bcdf9b93ac0b4f457d3938e9ef761b28df9564c91a14f0129a" },
    { url = "https://mirrors.aliyun.com/pypi/packages/58/27/b457b7b37089cad692c8aada90119162dfb4c4a16f513b79a8b2b022b33b/pyobjc_framework_cocoa-12.1-cp314-cp314t-macosx_10_15_universal2.whl", hash = "sha256:6ba1dc1bfa4da42d04e93d2363491275fb2e2be5c20790e561c8a9e09b8cf2cc" },
]

[[package]]
name = "pyobjc-framework-coretext"
version = "12.1"
source = { registry = "https://mirrors.aliyun.com/pypi/simple/" }
dependencies = [
    { name = "pyobjc-core" },
    { name = "pyobjc-framework-cocoa" },
    { name = "pyobjc-framework-quartz" },
]
sdist = { url = "https://mirrors.aliyun.com/pypi/packages/29/da/682c9c92a39f713bd3c56e7375fa8f1b10ad558ecb075258ab6f1cdd4a6d/pyobjc_framework_coretext-12.1.tar.gz", hash = "sha256:e0adb717738fae395dc645c9e8a10bb5f6a4277e73cba8fa2a57f3b518e71da5" }
wheels = [
    { url = "https://mirrors.aliyun.com/pypi/packages/20/a2/a3974e3e807c68e23a9d7db66fc38ac54f7ecd2b7a9237042006699a76e1/pyobjc_framework_coretext-12.1-cp313-cp313-macosx_10_13_universal2.whl", hash = "sha256:7cbb2c28580e6704ce10b9a991ccd9563a22b3a75f67c36cf612544bd8b21b5f" },
    { url = "https://mirrors.aliyun.com/pypi/packages/0f/5d/85e059349e9cfbd57269a1f11f56747b3ff5799a3bcbd95485f363c623d8/pyobjc_framework_coretext-12.1-cp313-cp313t-macosx_10_13_universal2.whl", hash = "sha256:14100d1e39efb30f57869671fb6fce8d668f80c82e25e7930fb364866e5c0dab" },
    { url = "https://mirrors.aliyun.com/pypi/packages/ef/c3/adf9d306e9ead108167ab7a974ab7d171dbacf31c72fad63e12585f58023/pyobjc_framework_coretext-12.1-cp314-cp314-macosx_10_15_universal2.whl", hash = "sha256:782a1a9617ea267c05226e9cd81a8dec529969a607fe1e037541ee1feb9524e9" },
    { url = "https://mirrors.aliyun.com/pypi/packages/bd/ca/6321295f47a47b0fca7de7e751ddc0ddc360413f4e506335fe9b0f0fb085/pyobjc_framework_coretext-12.1-cp314-cp314t-macosx_10_15_universal2.whl", hash = "sha256:7afe379c5a870fa3e66e6f65231c3c1732d9ccd2cd2a4904b2cd5178c9e3c562" },
]

[[package]]
name = "pyobjc-framework-quartz"
version = "12.1"
source = { registry = "https://mirrors.aliyun.com/pypi/simple/" }
dependencies = [
    { name = "pyobjc-core" },
    { name = "pyobjc-framework-cocoa" },
]
sdist = { url = "https://mirrors.aliyun.com/pypi/packages/94/18/cc59f3d4355c9456fc945eae7fe8797003c4da99212dd531ad1b0de8a0c6/pyobjc_framework_quartz-12.1.tar.gz", hash = "sha256:27f782f3513ac88ec9b6c82d9767eef95a5cf4175ce88a1e5a65875fee799608" }
wheels = [
    { url = "https://mirrors.aliyun.com/pypi/packages/ba/2d/e8f495328101898c16c32ac10e7b14b08ff2c443a756a76fd1271915f097/pyobjc_framework_quartz-12.1-cp313-cp313-macosx_10_13_universal2.whl", hash = "sha256:629b7971b1b43a11617f1460cd218bd308dfea247cd4ee3842eb40ca6f588860" },
    { url = "https://mirrors.aliyun.com/pypi/packages/67/43/b1f0ad3b842ab150a7e6b7d97f6257eab6af241b4c7d14cb8e7fde9214b8/pyobjc_framework_quartz-12.1-cp313-cp313t-macosx_10_13_universal2.whl", hash = "sha256:53b84e880c358ba1ddcd7e8d5ea0407d760eca58b96f0d344829162cda5f37b3" },
    { url = "https://mirrors.aliyun.com/pypi/packages/4a/00/96249c5c7e5aaca5f688ca18b8d8ad05cd7886ebd639b3c71a6a4cadbe75/pyobjc_framework_quartz-12.1-cp314-cp314-macosx_10_15_universal2.whl", hash = "sha256:42d306b07f05ae7d155984503e0fb1b701fecd31dcc5c79fe8ab9790ff7e0de0" },
    { url = "https://mirrors.aliyun.com/pypi/packages/4d/a6/708a55f3ff7a18c403b30a29a11dccfed0410485a7548c60a4b6d4cc0676/pyobjc_framework_quartz-12.1-cp314-cp314t-macosx_10_15_universal2.whl", hash = "sha256:0cc08fddb339b2760df60dea1057453557588908e42bdc62184b6396ce2d6e9a" },
]

[[package]]
name = "pyright"
version = "1.1.408"
source = { registry = "https://mirrors.aliyun.com/pypi/simple/" }
dependencies = [
    { name = "nodeenv" },
    { name = "typing-extensions" },
]
sdist = { url = "https://mirrors.aliyun.com/pypi/packages/74/b2/5db700e52554b8f025faa9c3c624c59f1f6c8841ba81ab97641b54322f16/pyright-1.1.408.tar.gz", hash = "sha256:f28f2321f96852fa50b5829ea492f6adb0e6954568d1caa3f3af3a5f555eb684" }
wheels = [
    { url = "https://mirrors.aliyun.com/pypi/packages/0c/82/a2c93e32800940d9573fb28c346772a14778b84ba7524e691b324620ab89/pyright-1.1.408-py3-none-any.whl", hash = "sha256:090b32865f4fdb1e0e6cd82bf5618480d48eecd2eb2e70f960982a3d9a4c17c1" },
]

[[package]]
name = "pyside6"
version = "6.11.0"
source = { registry = "https://mirrors.aliyun.com/pypi/simple/" }
dependencies = [
    { name = "pyside6-addons" },
    { name = "pyside6-essentials" },
    { name = "shiboken6" },
]
wheels = [
    { url = "https://mirrors.aliyun.com/pypi/packages/f4/95/f3f5a2799163b6658126d78a85bc1dec9eda88c75c26780556b26071a1d8/pyside6-6.11.0-cp310-abi3-macosx_13_0_universal2.whl", hash = "sha256:1f2735dc4f2bd4ec452ae50502c8a22128bba0aced35358a2bbc58384b820c6f" },
    { url = "https://mirrors.aliyun.com/pypi/packages/da/89/9a1f521051714e6694ebbe2b979ded279845ec8e25cb309ca3960158d74f/pyside6-6.11.0-cp310-abi3-manylinux_2_34_x86_64.whl", hash = "sha256:c642e2d25704ca746fd37f56feacf25c5aecc4cd40bef23d18eec81f87d9dc00" },
    { url = "https://mirrors.aliyun.com/pypi/packages/c2/3d/f779d8bba00fcde31a7d7fb6b59347a70773c9cc8135592dea9972579877/pyside6-6.11.0-cp310-abi3-manylinux_2_39_aarch64.whl", hash = "sha256:267b344c73580ac938ca63c611881fb42a3922ebfe043e271005f4f06c372c4e" },
    { url = "https://mirrors.aliyun.com/pypi/packages/ac/98/150e01a026df3e9697310236821fa825319bb4b9d6137539cb25a3032968/pyside6-6.11.0-cp310-abi3-win_amd64.whl", hash = "sha256:9092cb002ca43c64006afb2e0d0f6f51aef17aa737c33a45e502326a081ddcbc" },
    { url = "https://mirrors.aliyun.com/pypi/packages/50/e7/55960f7c6b41d058e95cb4af02652c46c48702c506c8bbf12e99550e1fb3/pyside6-6.11.0-cp310-abi3-win_arm64.whl", hash = "sha256:b15f39acc2b8f46251a630acad0d97f9a0a0461f2baffcd66d7adfada8eb641e" },
]

[[package]]
name = "pyside6-addons"
version = "6.11.0"
source = { registry = "https://mirrors.aliyun.com/pypi/simple/" }
dependencies = [
    { name = "pyside6-essentials" },
    { name = "shiboken6" },
]
wheels = [
    { url = "https://mirrors.aliyun.com/pypi/packages/c0/df/241f311c61a46b7b1195927da77b2537692ee3442aa9ccd87981164ff78d/pyside6_addons-6.11.0-cp310-abi3-macosx_13_0_universal2.whl", hash = "sha256:d5eaa4643302e3a0fa94c5766234bee4073d7d5ab9c2b7fd222692a176faf182" },
    { url = "https://mirrors.aliyun.com/pypi/packages/31/b9/e81172835ccc9d8b9792cc6bf7524a252a0db9a76ddd693de230402697f9/pyside6_addons-6.11.0-cp310-abi3-manylinux_2_34_x86_64.whl", hash = "sha256:ac6fe3d4ef4497dde3efc5e896b0acd53ff6c93be4bf485f045690f919419f35" },
    { url = "https://mirrors.aliyun.com/pypi/packages/a8/a4/426d9333782bf65ab2a20257d6b4b3af9b8d5d7a710da719865fab49d492/pyside6_addons-6.11.0-cp310-abi3-manylinux_2_39_aarch64.whl", hash = "sha256:8ffb40222456078930816ebcac2f2511716d2acbc11716dd5acc5c365179a753" },
    { url = "https://mirrors.aliyun.com/pypi/packages/35/9a/46d271fedfabad8c6dce2ebb69bb593745487ed33753a56a47c3ba4fdb1c/pyside6_addons-6.11.0-cp310-abi3-win_amd64.whl", hash = "sha256:413e6121c24f5ffdce376298059eddecff74aa6d638e94e0f6015b33d29b889e" },
    { url = "https://mirrors.aliyun.com/pypi/packages/16/cd/1b28264f7dc9a642da2e4e7c02f67418d0949eb7ce329ae20869703c2630/pyside6_addons-6.11.0-cp310-abi3-win_arm64.whl", hash = "sha256:aaaee83385977a0fe134b2f4fbfb92b45a880d5b656e4d90a708eef10b1b6de8" },
]

[[package]]
name = "pyside6-essentials"
version = "6.11.0"
source = { registry = "https://mirrors.aliyun.com/pypi/simple/" }
dependencies = [
    { name = "shiboken6" },
]
wheels = [
    { url = "https://mirrors.aliyun.com/pypi/packages/d2/00/8a8583d3429c737cc20e61a43eba8ab1ec13ddb101e99802c2ffeedf3b41/pyside6_essentials-6.11.0-cp310-abi3-macosx_13_0_universal2.whl", hash = "sha256:85d6ca87ef35fa6565d385ede72ae48420dd3f63113929d10fc800f6b0360e01" },
    { url = "https://mirrors.aliyun.com/pypi/packages/f3/a9/07c9e5c014b871c1b19caf8f994bcd50b345559b81f81671217b49559b67/pyside6_essentials-6.11.0-cp310-abi3-manylinux_2_34_x86_64.whl", hash = "sha256:dc20e7afd5fc6fe51297db91cef997ce60844be578f7a49fc61b7ab9657a8849" },
    { url = "https://mirrors.aliyun.com/pypi/packages/7c/35/f06b1b641d7600ec46374c16cd37c66fa4a22870326b4eb073a95471035f/pyside6_essentials-6.11.0-cp310-abi3-manylinux_2_39_aarch64.whl", hash = "sha256:4854cb0a1b061e7a576d8fb7bb7cf9f49540d558b1acb7df0742a7afefe61e4e" },
    { url = "https://mirrors.aliyun.com/pypi/packages/ff/37/ba95c6262836d2b286b4e05a9d16a5e870995d5d2503ac6adc6312208049/pyside6_essentials-6.11.0-cp310-abi3-win_amd64.whl", hash = "sha256:3b3362882ad9389357a80504e600180006a957731fec05786fced7b038461fdf" },
    { url = "https://mirrors.aliyun.com/pypi/packages/53/27/d17f25e45820e633a70e6109b35991eda09a5e8000c2a306f0ab7538d48c/pyside6_essentials-6.11.0-cp310-abi3-win_arm64.whl", hash = "sha256:81ca603dbf21bc39f89bb42db215c25ebe0c879a1a4c387625c321d2730ec187" },
]

[[package]]
name = "pytest"
version = "9.0.3"
source = { registry = "https://mirrors.aliyun.com/pypi/simple/" }
dependencies = [
    { name = "colorama", marker = "sys_platform == 'win32'" },
    { name = "iniconfig" },
    { name = "packaging" },
    { name = "pluggy" },
    { name = "pygments" },
]
sdist = { url = "https://mirrors.aliyun.com/pypi/packages/7d/0d/549bd94f1a0a402dc8cf64563a117c0f3765662e2e668477624baeec44d5/pytest-9.0.3.tar.gz", hash = "sha256:b86ada508af81d19edeb213c681b1d48246c1a91d304c6c81a427674c17eb91c" }
wheels = [
    { url = "https://mirrors.aliyun.com/pypi/packages/d4/24/a372aaf5c9b7208e7112038812994107bc65a84cd00e0354a88c2c77a617/pytest-9.0.3-py3-none-any.whl", hash = "sha256:2c5efc453d45394fdd706ade797c0a81091eccd1d6e4bccfcd476e2b8e0ab5d9" },
]

[[package]]
name = "qdarkstyle"
version = "3.2.3"
source = { registry = "https://mirrors.aliyun.com/pypi/simple/" }
dependencies = [
    { name = "qtpy" },
]
sdist = { url = "https://mirrors.aliyun.com/pypi/packages/ef/1e/5bf72a61a7636058e25eaa7503c050dae9445de75fad6f71ba08f2174e49/QDarkStyle-3.2.3.tar.gz", hash = "sha256:0c0b7f74a6e92121008992b369bab60468157db1c02cd30d64a5e9a3b402f1ae" }
wheels = [
    { url = "https://mirrors.aliyun.com/pypi/packages/93/7d/c3c10498430dadcea4def5faddf71cd199e577d20a125e7ef1e9d7bdbbfa/QDarkStyle-3.2.3-py2.py3-none-any.whl", hash = "sha256:ea980ee426d594909cf1058306832af71ff6cbad6f69237b036d1550635aefbc" },
]

[[package]]
name = "qt-material"
version = "2.17"
source = { registry = "https://mirrors.aliyun.com/pypi/simple/" }
dependencies = [
    { name = "jinja2" },
]
sdist = { url = "https://mirrors.aliyun.com/pypi/packages/3a/57/d6473fc7f9b1a81f6bddea555119270818c54be7717f38d0977bb6161408/qt_material-2.17.tar.gz", hash = "sha256:b500a0c1f5ef8f46a8cf037d1aa5bdf9ea4eb618180b6332539dfbdd0647ad0d" }
wheels = [
    { url = "https://mirrors.aliyun.com/pypi/packages/37/63/e1085fd76bfea103b6c93d133d849f80a5a94b924f31897eb936cabe8459/qt_material-2.17-py3-none-any.whl", hash = "sha256:660523341ae45b79d222bf15e202ec76ba3bf5e7e82170b66759738d7bb4873d" },
]

[[package]]
name = "qtpy"
version = "2.4.3"
source = { registry = "https://mirrors.aliyun.com/pypi/simple/" }
dependencies = [
    { name = "packaging" },
]
sdist = { url = "https://mirrors.aliyun.com/pypi/packages/70/01/392eba83c8e47b946b929d7c46e0f04b35e9671f8bb6fc36b6f7945b4de8/qtpy-2.4.3.tar.gz", hash = "sha256:db744f7832e6d3da90568ba6ccbca3ee2b3b4a890c3d6fbbc63142f6e4cdf5bb" }
wheels = [
    { url = "https://mirrors.aliyun.com/pypi/packages/69/76/37c0ccd5ab968a6a438f9c623aeecc84c202ab2fabc6a8fd927580c15b5a/QtPy-2.4.3-py3-none-any.whl", hash = "sha256:72095afe13673e017946cc258b8d5da43314197b741ed2890e563cf384b51aa1" },
]

[[package]]
name = "shiboken6"
version = "6.11.0"
source = { registry = "https://mirrors.aliyun.com/pypi/simple/" }
wheels = [
    { url = "https://mirrors.aliyun.com/pypi/packages/82/1d/b56b7b694fbc871496435488d1f41c5068de546334850d722756511cef65/shiboken6-6.11.0-cp310-abi3-macosx_13_0_universal2.whl", hash = "sha256:d88e8a1eb705f2b9ad21db08a61ae1dc0c773e5cd86a069de0754c4cf1f9b43b" },
    { url = "https://mirrors.aliyun.com/pypi/packages/65/cb/4bb0c76011166230daa7c0074aeb3fdb3935c83ac1fef3789b85fcd1a8fc/shiboken6-6.11.0-cp310-abi3-manylinux_2_34_x86_64.whl", hash = "sha256:ad54e64f8192ddbdff0c54ac82b89edcd62ed623f502ea21c960541d19514053" },
    { url = "https://mirrors.aliyun.com/pypi/packages/f5/96/771a6e2b530f725303d16d78a321fa4876b98b4f3615c9851880df8c1a43/shiboken6-6.11.0-cp310-abi3-manylinux_2_39_aarch64.whl", hash = "sha256:a10dc7718104ea2dc15d5b0b96909b77162ce1c76fcc6968e6df692b947a00e9" },
    { url = "https://mirrors.aliyun.com/pypi/packages/72/f7/44c0c42c3f5f29dec457fd46ea0552174bcb8aa75becf03bbd90308ba07b/shiboken6-6.11.0-cp310-abi3-win_amd64.whl", hash = "sha256:483ff78a73c7b3189ca924abc694318084f078bcfeaffa68e32024ff2d025ee1" },
    { url = "https://mirrors.aliyun.com/pypi/packages/fb/99/6e5ee21db2d6af84bbbd7d871d441dafeb069c6de5667b1aa49891a77c66/shiboken6-6.11.0-cp310-abi3-win_arm64.whl", hash = "sha256:3bd76cf56105ab2d62ecaff630366f11264f69b88d488f10f048da9a065781f4" },
]

[[package]]
name = "typing-extensions"
version = "4.15.0"
source = { registry = "https://mirrors.aliyun.com/pypi/simple/" }
sdist = { url = "https://mirrors.aliyun.com/pypi/packages/72/94/1a15dd82efb362ac84269196e94cf00f187f7ed21c242792a923cdb1c61f/typing_extensions-4.15.0.tar.gz", hash = "sha256:0cea48d173cc12fa28ecabc3b837ea3cf6f38c6d1136f85cbaaf598984861466" }
wheels = [
    { url = "https://mirrors.aliyun.com/pypi/packages/18/67/36e9267722cc04a6b9f15c7f3441c2363321a3ea07da7ae0c0707beb2a9c/typing_extensions-4.15.0-py3-none-any.whl", hash = "sha256:f0fa19c6845758ab08074a0cfa8b7aecb71c999ca73d62883bc25cc018c4e548" },
]
